lockfileVersion: '9.0'

settings:
  autoInstallPeers: true
  excludeLinksFromLockfile: false

importers:

  .:
    dependencies:
      '@arrirpc/schema':
        specifier: ^0.70.1
        version: 0.70.1
      '@sinclair/typebox':
        specifier: ^0.34.13
        version: 0.34.13
    devDependencies:
      prettier:
        specifier: ^3.4.2
        version: 3.4.2
      typescript:
        specifier: ^5.7.3
        version: 5.7.3

packages:

  '@arrirpc/schema@0.70.1':
    resolution: {integrity: sha512-gcbvTxp4v2bpCoihKLMSRDwfL7cFx8hansHLaJS/DIKn6xhb43kOmkODcj9B0BtmqfAJFEK3XiaPXOLuapgRHg==}

  '@arrirpc/type-defs@0.70.1':
    resolution: {integrity: sha512-pdpD/0CPJlOOegypPHEgkU7X2e/oUxdC7ZzpYYMZxAYhftnbeJ31k27nOjv7eGQha4MbEBz4Ta6jhzcN20tdOg==}

  '@sinclair/typebox@0.34.13':
    resolution: {integrity: sha512-ceVKqyCEgC355Kw0s/0tyfY9MzMQINSykJ/pG2w6YnaZyrcjV48svZpr8lVZrYgWjzOmrIPBhQRAtr/7eJpA5g==}

  prettier@3.4.2:
    resolution: {integrity: sha512-e9MewbtFo+Fevyuxn/4rrcDAaq0IYxPGLvObpQjiZBMAzB9IGmzlnG9RZy3FFas+eBMu2vA0CszMeduow5dIuQ==}
    engines: {node: '>=14'}
    hasBin: true

  scule@1.3.0:
    resolution: {integrity: sha512-6FtHJEvt+pVMIB9IBY+IcCJ6Z5f1iQnytgyfKMhDKgmzYG+TeH/wx1y3l27rshSbLiSanrR9ffZDrEsmjlQF2g==}

  typescript@5.7.3:
    resolution: {integrity: sha512-84MVSjMEHP+FQRPy3pX9sTVV/INIex71s9TL2Gm5FG/WG1SqXeKyZ0k7/blY/4FdOzI12CBy1vGc4og/eus0fw==}
    engines: {node: '>=14.17'}
    hasBin: true

  uncrypto@0.1.3:
    resolution: {integrity: sha512-Ql87qFHB3s/De2ClA9e0gsnS6zXG27SkTiSJwjCc9MebbfapQfuPzumMIUMi38ezPZVNFcHI9sUIepeQfw8J8Q==}

snapshots:

  '@arrirpc/schema@0.70.1':
    dependencies:
      '@arrirpc/type-defs': 0.70.1
      scule: 1.3.0
      uncrypto: 0.1.3

  '@arrirpc/type-defs@0.70.1':
    dependencies:
      scule: 1.3.0

  '@sinclair/typebox@0.34.13': {}

  prettier@3.4.2: {}

  scule@1.3.0: {}

  typescript@5.7.3: {}

  uncrypto@0.1.3: {}
